<?xml version="1.0" encoding="UTF-8" standalone="yes" ?>
<CodeBlocks_project_file>
	<FileVersion major="1" minor="6" />
	<Project>
		<Option title="SquaresGame" />
		<Option pch_mode="2" />
		<Option compiler="gcc" />
		<Build>
			<Target title="Debug">
				<Option output="bin/Debug/SquaresGame" prefix_auto="1" extension_auto="1" />
				<Option object_output="obj/Debug/" />
				<Option type="1" />
				<Option compiler="gcc" />
				<Compiler>
					<Add option="-std=c++11" />
					<Add option="-g" />
					<Add option="-DGLEW_STATIC" />
					<Add directory="C:/usr/local/include" />
				</Compiler>
				<Linker>
					<Add library="SOIL" />
					<Add library="glew32s" />
					<Add library="opengl32" />
					<Add library="glfw3" />
					<Add library="gdi32" />
					<Add directory="C:/usr/local/lib" />
				</Linker>
			</Target>
			<Target title="Release">
				<Option output="bin/Release/SquaresGame" prefix_auto="1" extension_auto="1" />
				<Option object_output="obj/Release/" />
				<Option type="1" />
				<Option compiler="gcc" />
				<Compiler>
					<Add option="-O2" />
					<Add option="-std=c++11" />
					<Add option="-DGLEW_STATIC" />
					<Add directory="C:/usr/local/include" />
				</Compiler>
				<Linker>
					<Add option="-s" />
					<Add library="SOIL" />
					<Add library="glew32s" />
					<Add library="opengl32" />
					<Add library="glfw3" />
					<Add library="gdi32" />
					<Add directory="C:/usr/local/lib" />
				</Linker>
			</Target>
		</Build>
		<Compiler>
			<Add option="-Wall" />
			<Add option="-fexceptions" />
		</Compiler>
		<Unit filename="Game.cpp" />
		<Unit filename="Game.h" />
		<Unit filename="Rect.cpp" />
		<Unit filename="Rect.h" />
		<Unit filename="ResourceManager.cpp" />
		<Unit filename="ResourceManager.h" />
		<Unit filename="Shader.cpp" />
		<Unit filename="Shader.h" />
		<Unit filename="SpriteRenderer.cpp" />
		<Unit filename="SpriteRenderer.h" />
		<Unit filename="SquaresGame.cpp" />
		<Unit filename="Texture.cpp" />
		<Unit filename="Texture.h" />
		<Extensions>
			<code_completion />
			<envvars />
			<debugger />
		</Extensions>
	</Project>
</CodeBlocks_project_file>
